
Microsoft Visual Studio Solution File, Format Version 10.00
# Visual Studio 2008
Project("{8BC9CEB8-8B4A-11D0-8D11-00A0C91BC942}") = "TCFileSync", "TCFileSync.vcproj", "{4FF3C0E8-BAFB-44F5-9DB8-C6E9535DAD76}"
EndProject
Project("{54435603-DBB4-11D2-8724-00A0C9A8B90C}") = "TCFileSyncInstaller", "TCFileSyncInstaller.vdproj", "{1C80C757-3D54-43A9-9043-03F070548D2B}"
EndProject
Global
	GlobalSection(SolutionConfigurationPlatforms) = preSolution
		Debug|Win32 = Debug|Win32
		Debug|x64 = Debug|x64
		Release|Win32 = Release|Win32
		Release|x64 = Release|x64
	EndGlobalSection
	GlobalSection(ProjectConfigurationPlatforms) = postSolution
		{4FF3C0E8-BAFB-44F5-9DB8-C6E9535DAD76}.Debug|Win32.ActiveCfg = Debug|Win32
		{4FF3C0E8-BAFB-44F5-9DB8-C6E9535DAD76}.Debug|Win32.Build.0 = Debug|Win32
		{4FF3C0E8-BAFB-44F5-9DB8-C6E9535DAD76}.Debug|x64.ActiveCfg = Debug|x64
		{4FF3C0E8-BAFB-44F5-9DB8-C6E9535DAD76}.Debug|x64.Build.0 = Debug|x64
		{4FF3C0E8-BAFB-44F5-9DB8-C6E9535DAD76}.Release|Win32.ActiveCfg = Release|Win32
		{4FF3C0E8-BAFB-44F5-9DB8-C6E9535DAD76}.Release|Win32.Build.0 = Release|Win32
		{4FF3C0E8-BAFB-44F5-9DB8-C6E9535DAD76}.Release|x64.ActiveCfg = Release|x64
		{4FF3C0E8-BAFB-44F5-9DB8-C6E9535DAD76}.Release|x64.Build.0 = Release|x64
		{1C80C757-3D54-43A9-9043-03F070548D2B}.Debug|Win32.ActiveCfg = Debug
		{1C80C757-3D54-43A9-9043-03F070548D2B}.Debug|x64.ActiveCfg = Debug
		{1C80C757-3D54-43A9-9043-03F070548D2B}.Release|Win32.ActiveCfg = Release
		{1C80C757-3D54-43A9-9043-03F070548D2B}.Release|Win32.Build.0 = Release
		{1C80C757-3D54-43A9-9043-03F070548D2B}.Release|x64.ActiveCfg = Release
		{1C80C757-3D54-43A9-9043-03F070548D2B}.Release|x64.Build.0 = Release
	EndGlobalSection
	GlobalSection(SolutionProperties) = preSolution
		HideSolutionNode = FALSE
	EndGlobalSection
EndGlobal
